
Microsoft Visual Studio Solution File, Format Version 12.00
# Visual Studio 15
VisualStudioVersion = 15.0.28010.2050
MinimumVisualStudioVersion = 10.0.40219.1
Project("{8BC9CEB8-8B4A-11D0-8D11-00A0C91BC942}") = "OpenGL", "OpenGL\OpenGL.vcxproj", "{9D2DDD9B-0DF2-431D-98EB-1EB594E20C61}"
EndProject
Project("{8BC9CEB8-8B4A-11D0-8D11-00A0C91BC942}") = "OpenGL_04", "OpenGL_04\OpenGL_04.vcxproj", "{FFD22FCB-7724-4B90-885D-829DCEEDA6CE}"
EndProject
Project("{8BC9CEB8-8B4A-11D0-8D11-00A0C91BC942}") = "OpenGL_08", "OpenGL_08\OpenGL_08.vcxproj", "{63A00A0F-FC63-4EF8-85B4-7448F2421D6B}"
EndProject
Project("{8BC9CEB8-8B4A-11D0-8D11-00A0C91BC942}") = "OpenGL_10", "OpenGL_10\OpenGL_10.vcxproj", "{0E97BC72-4603-45DB-854C-335642D5DA14}"
EndProject
Project("{8BC9CEB8-8B4A-11D0-8D11-00A0C91BC942}") = "OpenGL_13", "OpenGL_13\OpenGL_13.vcxproj", "{ED09F107-8BF1-468D-9711-8D85AA931A79}"
EndProject
Global
	GlobalSection(SolutionConfigurationPlatforms) = preSolution
		Debug|x64 = Debug|x64
		Debug|x86 = Debug|x86
		Release|x64 = Release|x64
		Release|x86 = Release|x86
	EndGlobalSection
	GlobalSection(ProjectConfigurationPlatforms) = postSolution
		{9D2DDD9B-0DF2-431D-98EB-1EB594E20C61}.Debug|x64.ActiveCfg = Debug|x64
		{9D2DDD9B-0DF2-431D-98EB-1EB594E20C61}.Debug|x64.Build.0 = Debug|x64
		{9D2DDD9B-0DF2-431D-98EB-1EB594E20C61}.Debug|x86.ActiveCfg = Debug|Win32
		{9D2DDD9B-0DF2-431D-98EB-1EB594E20C61}.Debug|x86.Build.0 = Debug|Win32
		{9D2DDD9B-0DF2-431D-98EB-1EB594E20C61}.Release|x64.ActiveCfg = Release|x64
		{9D2DDD9B-0DF2-431D-98EB-1EB594E20C61}.Release|x64.Build.0 = Release|x64
		{9D2DDD9B-0DF2-431D-98EB-1EB594E20C61}.Release|x86.ActiveCfg = Release|Win32
		{9D2DDD9B-0DF2-431D-98EB-1EB594E20C61}.Release|x86.Build.0 = Release|Win32
		{FFD22FCB-7724-4B90-885D-829DCEEDA6CE}.Debug|x64.ActiveCfg = Debug|x64
		{FFD22FCB-7724-4B90-885D-829DCEEDA6CE}.Debug|x64.Build.0 = Debug|x64
		{FFD22FCB-7724-4B90-885D-829DCEEDA6CE}.Debug|x86.ActiveCfg = Debug|Win32
		{FFD22FCB-7724-4B90-885D-829DCEEDA6CE}.Debug|x86.Build.0 = Debug|Win32
		{FFD22FCB-7724-4B90-885D-829DCEEDA6CE}.Release|x64.ActiveCfg = Release|x64
		{FFD22FCB-7724-4B90-885D-829DCEEDA6CE}.Release|x64.Build.0 = Release|x64
		{FFD22FCB-7724-4B90-885D-829DCEEDA6CE}.Release|x86.ActiveCfg = Release|Win32
		{FFD22FCB-7724-4B90-885D-829DCEEDA6CE}.Release|x86.Build.0 = Release|Win32
		{63A00A0F-FC63-4EF8-85B4-7448F2421D6B}.Debug|x64.ActiveCfg = Debug|x64
		{63A00A0F-FC63-4EF8-85B4-7448F2421D6B}.Debug|x64.Build.0 = Debug|x64
		{63A00A0F-FC63-4EF8-85B4-7448F2421D6B}.Debug|x86.ActiveCfg = Debug|Win32
		{63A00A0F-FC63-4EF8-85B4-7448F2421D6B}.Debug|x86.Build.0 = Debug|Win32
		{63A00A0F-FC63-4EF8-85B4-7448F2421D6B}.Release|x64.ActiveCfg = Release|x64
		{63A00A0F-FC63-4EF8-85B4-7448F2421D6B}.Release|x64.Build.0 = Release|x64
		{63A00A0F-FC63-4EF8-85B4-7448F2421D6B}.Release|x86.ActiveCfg = Release|Win32
		{63A00A0F-FC63-4EF8-85B4-7448F2421D6B}.Release|x86.Build.0 = Release|Win32
		{0E97BC72-4603-45DB-854C-335642D5DA14}.Debug|x64.ActiveCfg = Debug|x64
		{0E97BC72-4603-45DB-854C-335642D5DA14}.Debug|x64.Build.0 = Debug|x64
		{0E97BC72-4603-45DB-854C-335642D5DA14}.Debug|x86.ActiveCfg = Debug|Win32
		{0E97BC72-4603-45DB-854C-335642D5DA14}.Debug|x86.Build.0 = Debug|Win32
		{0E97BC72-4603-45DB-854C-335642D5DA14}.Release|x64.ActiveCfg = Release|x64
		{0E97BC72-4603-45DB-854C-335642D5DA14}.Release|x64.Build.0 = Release|x64
		{0E97BC72-4603-45DB-854C-335642D5DA14}.Release|x86.ActiveCfg = Release|Win32
		{0E97BC72-4603-45DB-854C-335642D5DA14}.Release|x86.Build.0 = Release|Win32
		{ED09F107-8BF1-468D-9711-8D85AA931A79}.Debug|x64.ActiveCfg = Debug|x64
		{ED09F107-8BF1-468D-9711-8D85AA931A79}.Debug|x64.Build.0 = Debug|x64
		{ED09F107-8BF1-468D-9711-8D85AA931A79}.Debug|x86.ActiveCfg = Debug|Win32
		{ED09F107-8BF1-468D-9711-8D85AA931A79}.Debug|x86.Build.0 = Debug|Win32
		{ED09F107-8BF1-468D-9711-8D85AA931A79}.Release|x64.ActiveCfg = Release|x64
		{ED09F107-8BF1-468D-9711-8D85AA931A79}.Release|x64.Build.0 = Release|x64
		{ED09F107-8BF1-468D-9711-8D85AA931A79}.Release|x86.ActiveCfg = Release|Win32
		{ED09F107-8BF1-468D-9711-8D85AA931A79}.Release|x86.Build.0 = Release|Win32
	EndGlobalSection
	GlobalSection(SolutionProperties) = preSolution
		HideSolutionNode = FALSE
	EndGlobalSection
	GlobalSection(ExtensibilityGlobals) = postSolution
		SolutionGuid = {00E42725-3557-43D1-9D60-8A3C35409EB9}
	EndGlobalSection
EndGlobal
